
Microsoft Visual Studio Solution File, Format Version 12.00
# Visual Studio 14
VisualStudioVersion = 14.0.25420.1
MinimumVisualStudioVersion = 10.0.40219.1
Project("{FAE04EC0-301F-11D3-BF4B-00C04F79EFBC}") = "EmployesTableApp", "EmployesTableApp\EmployesTableApp.csproj", "{5DD3EF40-CABC-4D25-A146-BE53D9D2219C}"
EndProject
Global
	GlobalSection(SolutionConfigurationPlatforms) = preSolution
		Ad-Hoc|Any CPU = Ad-Hoc|Any CPU
		Ad-Hoc|iPhone = Ad-Hoc|iPhone
		Ad-Hoc|iPhoneSimulator = Ad-Hoc|iPhoneSimulator
		AppStore|Any CPU = AppStore|Any CPU
		AppStore|iPhone = AppStore|iPhone
		AppStore|iPhoneSimulator = AppStore|iPhoneSimulator
		Debug|Any CPU = Debug|Any CPU
		Debug|iPhone = Debug|iPhone
		Debug|iPhoneSimulator = Debug|iPhoneSimulator
		Release|Any CPU = Release|Any CPU
		Release|iPhone = Release|iPhone
		Release|iPhoneSimulator = Release|iPhoneSimulator
	EndGlobalSection
	GlobalSection(ProjectConfigurationPlatforms) = postSolution
		{5DD3EF40-CABC-4D25-A146-BE53D9D2219C}.Ad-Hoc|Any CPU.ActiveCfg = Release|iPhoneSimulator
		{5DD3EF40-CABC-4D25-A146-BE53D9D2219C}.Ad-Hoc|Any CPU.Build.0 = Release|iPhoneSimulator
		{5DD3EF40-CABC-4D25-A146-BE53D9D2219C}.Ad-Hoc|iPhone.ActiveCfg = Release|iPhone
		{5DD3EF40-CABC-4D25-A146-BE53D9D2219C}.Ad-Hoc|iPhone.Build.0 = Release|iPhone
		{5DD3EF40-CABC-4D25-A146-BE53D9D2219C}.Ad-Hoc|iPhoneSimulator.ActiveCfg = Release|iPhoneSimulator
		{5DD3EF40-CABC-4D25-A146-BE53D9D2219C}.Ad-Hoc|iPhoneSimulator.Build.0 = Release|iPhoneSimulator
		{5DD3EF40-CABC-4D25-A146-BE53D9D2219C}.AppStore|Any CPU.ActiveCfg = Release|iPhoneSimulator
		{5DD3EF40-CABC-4D25-A146-BE53D9D2219C}.AppStore|Any CPU.Build.0 = Release|iPhoneSimulator
		{5DD3EF40-CABC-4D25-A146-BE53D9D2219C}.AppStore|iPhone.ActiveCfg = Release|iPhone
		{5DD3EF40-CABC-4D25-A146-BE53D9D2219C}.AppStore|iPhone.Build.0 = Release|iPhone
		{5DD3EF40-CABC-4D25-A146-BE53D9D2219C}.AppStore|iPhoneSimulator.ActiveCfg = Release|iPhoneSimulator
		{5DD3EF40-CABC-4D25-A146-BE53D9D2219C}.AppStore|iPhoneSimulator.Build.0 = Release|iPhoneSimulator
		{5DD3EF40-CABC-4D25-A146-BE53D9D2219C}.Debug|Any CPU.ActiveCfg = Debug|iPhoneSimulator
		{5DD3EF40-CABC-4D25-A146-BE53D9D2219C}.Debug|iPhone.ActiveCfg = Debug|iPhone
		{5DD3EF40-CABC-4D25-A146-BE53D9D2219C}.Debug|iPhone.Build.0 = Debug|iPhone
		{5DD3EF40-CABC-4D25-A146-BE53D9D2219C}.Debug|iPhoneSimulator.ActiveCfg = Debug|iPhoneSimulator
		{5DD3EF40-CABC-4D25-A146-BE53D9D2219C}.Debug|iPhoneSimulator.Build.0 = Debug|iPhoneSimulator
		{5DD3EF40-CABC-4D25-A146-BE53D9D2219C}.Release|Any CPU.ActiveCfg = Release|iPhoneSimulator
		{5DD3EF40-CABC-4D25-A146-BE53D9D2219C}.Release|iPhone.ActiveCfg = Release|iPhone
		{5DD3EF40-CABC-4D25-A146-BE53D9D2219C}.Release|iPhone.Build.0 = Release|iPhone
		{5DD3EF40-CABC-4D25-A146-BE53D9D2219C}.Release|iPhoneSimulator.ActiveCfg = Release|iPhoneSimulator
		{5DD3EF40-CABC-4D25-A146-BE53D9D2219C}.Release|iPhoneSimulator.Build.0 = Release|iPhoneSimulator
	EndGlobalSection
	GlobalSection(SolutionProperties) = preSolution
		HideSolutionNode = FALSE
	EndGlobalSection
	GlobalSection(MonoDevelopProperties) = preSolution
		Policies = $0
		$0.DotNetNamingPolicy = $1
		$1.DirectoryNamespaceAssociation = PrefixedHierarchical
		$0.TextStylePolicy = $2
		$2.inheritsSet = null
		$2.scope = text/x-csharp
		$0.CSharpFormattingPolicy = $3
		$3.scope = text/x-csharp
		$0.VersionControlPolicy = $4
		$0.StandardHeader = $5
	EndGlobalSection
EndGlobal
